
Microsoft Visual Studio Solution File, Format Version 12.00
# Visual Studio 15
VisualStudioVersion = 15.0.27703.2042
MinimumVisualStudioVersion = 10.0.40219.1
Project("{FAE04EC0-301F-11D3-BF4B-00C04F79EFBC}") = "CG 5-1", "CG 5-1\CG 5-1.csproj", "{366D5711-533F-4726-8E0E-4E3962620310}"
EndProject
Global
	GlobalSection(SolutionConfigurationPlatforms) = preSolution
		Debug|Any CPU = Debug|Any CPU
		Release|Any CPU = Release|Any CPU
	EndGlobalSection
	GlobalSection(ProjectConfigurationPlatforms) = postSolution
		{366D5711-533F-4726-8E0E-4E3962620310}.Debug|Any CPU.ActiveCfg = Debug|Any CPU
		{366D5711-533F-4726-8E0E-4E3962620310}.Debug|Any CPU.Build.0 = Debug|Any CPU
		{366D5711-533F-4726-8E0E-4E3962620310}.Release|Any CPU.ActiveCfg = Release|Any CPU
		{366D5711-533F-4726-8E0E-4E3962620310}.Release|Any CPU.Build.0 = Release|Any CPU
	EndGlobalSection
	GlobalSection(SolutionProperties) = preSolution
		HideSolutionNode = FALSE
	EndGlobalSection
	GlobalSection(ExtensibilityGlobals) = postSolution
		SolutionGuid = {5419E6EE-E789-4DC0-9C12-F3E94A7FE0E3}
	EndGlobalSection
EndGlobal
